// !$*UTF8*$!
{
	archiveVersion = 1;
	classes = {
	};
	objectVersion = 56;
	objects = {

/* Begin PBXBuildFile section */
		B60F4DE82996D8040038D934 /* README.md in Resources */ = {isa = PBXBuildFile; fileRef = B60F4DE72996D8040038D934 /* README.md */; };
		B6191908298E68DC00BD6333 /* SearchViewController.swift in Sources */ = {isa = PBXBuildFile; fileRef = B6191907298E68DC00BD6333 /* SearchViewController.swift */; };
		B619190A298E95E700BD6333 /* SearchResultsTableViewManager.swift in Sources */ = {isa = PBXBuildFile; fileRef = B6191909298E95E700BD6333 /* SearchResultsTableViewManager.swift */; };
		B619190C298E980F00BD6333 /* SearchViewController+TextFieldDelegate.swift in Sources */ = {isa = PBXBuildFile; fileRef = B619190B298E980F00BD6333 /* SearchViewController+TextFieldDelegate.swift */; };
		B61D70EA298EFC6300C0AD10 /* Entity.swift in Sources */ = {isa = PBXBuildFile; fileRef = B61D70E9298EFC6300C0AD10 /* Entity.swift */; };
		B61D70EC298F06CD00C0AD10 /* AnagramSolverInteractor.swift in Sources */ = {isa = PBXBuildFile; fileRef = B61D70EB298F06CD00C0AD10 /* AnagramSolverInteractor.swift */; };
		B61D70EE298F06F600C0AD10 /* AnagramSolverAssembly.swift in Sources */ = {isa = PBXBuildFile; fileRef = B61D70ED298F06F600C0AD10 /* AnagramSolverAssembly.swift */; };
		B61D70F1298F07FE00C0AD10 /* AnagramSolverPresenter.swift in Sources */ = {isa = PBXBuildFile; fileRef = B61D70F0298F07FE00C0AD10 /* AnagramSolverPresenter.swift */; };
		B61D70F3298F7BFC00C0AD10 /* AnagramSolverRouter.swift in Sources */ = {isa = PBXBuildFile; fileRef = B61D70F2298F7BFC00C0AD10 /* AnagramSolverRouter.swift */; };
		B61D70F5298F891300C0AD10 /* AppInteractor.swift in Sources */ = {isa = PBXBuildFile; fileRef = B61D70F4298F891300C0AD10 /* AppInteractor.swift */; };
		B61D70F7298F895700C0AD10 /* AppCordinator.swift in Sources */ = {isa = PBXBuildFile; fileRef = B61D70F6298F895700C0AD10 /* AppCordinator.swift */; };
		B678F786298BE91300E1771C /* AppDelegate.swift in Sources */ = {isa = PBXBuildFile; fileRef = B678F785298BE91300E1771C /* AppDelegate.swift */; };
		B678F788298BE91300E1771C /* SceneDelegate.swift in Sources */ = {isa = PBXBuildFile; fileRef = B678F787298BE91300E1771C /* SceneDelegate.swift */; };
		B678F78A298BE91300E1771C /* HomeViewController.swift in Sources */ = {isa = PBXBuildFile; fileRef = B678F789298BE91300E1771C /* HomeViewController.swift */; };
		B678F78F298BE91500E1771C /* Assets.xcassets in Resources */ = {isa = PBXBuildFile; fileRef = B678F78E298BE91500E1771C /* Assets.xcassets */; };
		B678F792298BE91500E1771C /* LaunchScreen.storyboard in Resources */ = {isa = PBXBuildFile; fileRef = B678F790298BE91500E1771C /* LaunchScreen.storyboard */; };
		B678F79A298BE9CF00E1771C /* NetworkServices.swift in Sources */ = {isa = PBXBuildFile; fileRef = B678F799298BE9CF00E1771C /* NetworkServices.swift */; };
		B678F79C298BEA2300E1771C /* EndPoints.swift in Sources */ = {isa = PBXBuildFile; fileRef = B678F79B298BEA2300E1771C /* EndPoints.swift */; };
		B6980975299429E6002FCCCF /* StringExtensions.swift in Sources */ = {isa = PBXBuildFile; fileRef = B6980974299429E6002FCCCF /* StringExtensions.swift */; };
		B698097829942C20002FCCCF /* AnagramSolverBrain.swift in Sources */ = {isa = PBXBuildFile; fileRef = B698097729942C20002FCCCF /* AnagramSolverBrain.swift */; };
		B698097B2994470D002FCCCF /* LanguageButton.swift in Sources */ = {isa = PBXBuildFile; fileRef = B698097A2994470D002FCCCF /* LanguageButton.swift */; };
		B698097D2994540C002FCCCF /* UIViewExtensions.swift in Sources */ = {isa = PBXBuildFile; fileRef = B698097C2994540C002FCCCF /* UIViewExtensions.swift */; };
		B698097F299470ED002FCCCF /* LangOptionButton.swift in Sources */ = {isa = PBXBuildFile; fileRef = B698097E299470ED002FCCCF /* LangOptionButton.swift */; };
		B6980981299482E5002FCCCF /* ArrayExtensions.swift in Sources */ = {isa = PBXBuildFile; fileRef = B6980980299482E5002FCCCF /* ArrayExtensions.swift */; };
		B698098329950E66002FCCCF /* myRussianJSONDict.json in Resources */ = {isa = PBXBuildFile; fileRef = B698098229950E66002FCCCF /* myRussianJSONDict.json */; };
		B698098529953208002FCCCF /* myGermanJSONDict.json in Resources */ = {isa = PBXBuildFile; fileRef = B698098429953208002FCCCF /* myGermanJSONDict.json */; };
		B6980987299545E3002FCCCF /* LanguagesEnum.swift in Sources */ = {isa = PBXBuildFile; fileRef = B6980986299545E3002FCCCF /* LanguagesEnum.swift */; };
		B698098929954E47002FCCCF /* myFrenchJSONDict.json in Resources */ = {isa = PBXBuildFile; fileRef = B698098829954E47002FCCCF /* myFrenchJSONDict.json */; };
		B698098B299556AE002FCCCF /* mySpanishJSONDict.json in Resources */ = {isa = PBXBuildFile; fileRef = B698098A299556AE002FCCCF /* mySpanishJSONDict.json */; };
		B69CC48129969D3700A0547E /* AppColors.swift in Sources */ = {isa = PBXBuildFile; fileRef = B69CC48029969D3700A0547E /* AppColors.swift */; };
/* End PBXBuildFile section */

/* Begin PBXFileReference section */
		B60F4DE72996D8040038D934 /* README.md */ = {isa = PBXFileReference; fileEncoding = 4; lastKnownFileType = net.daringfireball.markdown; path = README.md; sourceTree = "<group>"; };
		B6191907298E68DC00BD6333 /* SearchViewController.swift */ = {isa = PBXFileReference; lastKnownFileType = sourcecode.swift; path = SearchViewController.swift; sourceTree = "<group>"; };
		B6191909298E95E700BD6333 /* SearchResultsTableViewManager.swift */ = {isa = PBXFileReference; lastKnownFileType = sourcecode.swift; path = SearchResultsTableViewManager.swift; sourceTree = "<group>"; };
		B619190B298E980F00BD6333 /* SearchViewController+TextFieldDelegate.swift */ = {isa = PBXFileReference; lastKnownFileType = sourcecode.swift; path = "SearchViewController+TextFieldDelegate.swift"; sourceTree = "<group>"; };
		B61D70E9298EFC6300C0AD10 /* Entity.swift */ = {isa = PBXFileReference; lastKnownFileType = sourcecode.swift; path = Entity.swift; sourceTree = "<group>"; };
		B61D70EB298F06CD00C0AD10 /* AnagramSolverInteractor.swift */ = {isa = PBXFileReference; lastKnownFileType = sourcecode.swift; path = AnagramSolverInteractor.swift; sourceTree = "<group>"; };
		B61D70ED298F06F600C0AD10 /* AnagramSolverAssembly.swift */ = {isa = PBXFileReference; lastKnownFileType = sourcecode.swift; path = AnagramSolverAssembly.swift; sourceTree = "<group>"; };
		B61D70F0298F07FE00C0AD10 /* AnagramSolverPresenter.swift */ = {isa = PBXFileReference; lastKnownFileType = sourcecode.swift; path = AnagramSolverPresenter.swift; sourceTree = "<group>"; };
		B61D70F2298F7BFC00C0AD10 /* AnagramSolverRouter.swift */ = {isa = PBXFileReference; lastKnownFileType = sourcecode.swift; path = AnagramSolverRouter.swift; sourceTree = "<group>"; };
		B61D70F4298F891300C0AD10 /* AppInteractor.swift */ = {isa = PBXFileReference; lastKnownFileType = sourcecode.swift; path = AppInteractor.swift; sourceTree = "<group>"; };
		B61D70F6298F895700C0AD10 /* AppCordinator.swift */ = {isa = PBXFileReference; lastKnownFileType = sourcecode.swift; path = AppCordinator.swift; sourceTree = "<group>"; };
		B678F782298BE91300E1771C /* Anagram Solver.app */ = {isa = PBXFileReference; explicitFileType = wrapper.application; includeInIndex = 0; path = "Anagram Solver.app"; sourceTree = BUILT_PRODUCTS_DIR; };
		B678F785298BE91300E1771C /* AppDelegate.swift */ = {isa = PBXFileReference; lastKnownFileType = sourcecode.swift; path = AppDelegate.swift; sourceTree = "<group>"; };
		B678F787298BE91300E1771C /* SceneDelegate.swift */ = {isa = PBXFileReference; lastKnownFileType = sourcecode.swift; path = SceneDelegate.swift; sourceTree = "<group>"; };
		B678F789298BE91300E1771C /* HomeViewController.swift */ = {isa = PBXFileReference; lastKnownFileType = sourcecode.swift; path = HomeViewController.swift; sourceTree = "<group>"; };
		B678F78E298BE91500E1771C /* Assets.xcassets */ = {isa = PBXFileReference; lastKnownFileType = folder.assetcatalog; path = Assets.xcassets; sourceTree = "<group>"; };
		B678F791298BE91500E1771C /* Base */ = {isa = PBXFileReference; lastKnownFileType = file.storyboard; name = Base; path = Base.lproj/LaunchScreen.storyboard; sourceTree = "<group>"; };
		B678F793298BE91500E1771C /* Info.plist */ = {isa = PBXFileReference; lastKnownFileType = text.plist.xml; path = Info.plist; sourceTree = "<group>"; };
		B678F799298BE9CF00E1771C /* NetworkServices.swift */ = {isa = PBXFileReference; lastKnownFileType = sourcecode.swift; path = NetworkServices.swift; sourceTree = "<group>"; };
		B678F79B298BEA2300E1771C /* EndPoints.swift */ = {isa = PBXFileReference; lastKnownFileType = sourcecode.swift; path = EndPoints.swift; sourceTree = "<group>"; };
		B6980974299429E6002FCCCF /* StringExtensions.swift */ = {isa = PBXFileReference; lastKnownFileType = sourcecode.swift; path = StringExtensions.swift; sourceTree = "<group>"; };
		B698097729942C20002FCCCF /* AnagramSolverBrain.swift */ = {isa = PBXFileReference; lastKnownFileType = sourcecode.swift; path = AnagramSolverBrain.swift; sourceTree = "<group>"; };
		B698097A2994470D002FCCCF /* LanguageButton.swift */ = {isa = PBXFileReference; lastKnownFileType = sourcecode.swift; path = LanguageButton.swift; sourceTree = "<group>"; };
		B698097C2994540C002FCCCF /* UIViewExtensions.swift */ = {isa = PBXFileReference; lastKnownFileType = sourcecode.swift; path = UIViewExtensions.swift; sourceTree = "<group>"; };
		B698097E299470ED002FCCCF /* LangOptionButton.swift */ = {isa = PBXFileReference; lastKnownFileType = sourcecode.swift; path = LangOptionButton.swift; sourceTree = "<group>"; };
		B6980980299482E5002FCCCF /* ArrayExtensions.swift */ = {isa = PBXFileReference; lastKnownFileType = sourcecode.swift; path = ArrayExtensions.swift; sourceTree = "<group>"; };
		B698098229950E66002FCCCF /* myRussianJSONDict.json */ = {isa = PBXFileReference; fileEncoding = 4; lastKnownFileType = text.json; path = myRussianJSONDict.json; sourceTree = "<group>"; };
		B698098429953208002FCCCF /* myGermanJSONDict.json */ = {isa = PBXFileReference; fileEncoding = 4; lastKnownFileType = text.json; path = myGermanJSONDict.json; sourceTree = "<group>"; };
		B6980986299545E3002FCCCF /* LanguagesEnum.swift */ = {isa = PBXFileReference; lastKnownFileType = sourcecode.swift; path = LanguagesEnum.swift; sourceTree = "<group>"; };
		B698098829954E47002FCCCF /* myFrenchJSONDict.json */ = {isa = PBXFileReference; fileEncoding = 4; lastKnownFileType = text.json; path = myFrenchJSONDict.json; sourceTree = "<group>"; };
		B698098A299556AE002FCCCF /* mySpanishJSONDict.json */ = {isa = PBXFileReference; fileEncoding = 4; lastKnownFileType = text.json; path = mySpanishJSONDict.json; sourceTree = "<group>"; };
		B69CC48029969D3700A0547E /* AppColors.swift */ = {isa = PBXFileReference; lastKnownFileType = sourcecode.swift; path = AppColors.swift; sourceTree = "<group>"; };
/* End PBXFileReference section */

/* Begin PBXFrameworksBuildPhase section */
		B678F77F298BE91300E1771C /* Frameworks */ = {
			isa = PBXFrameworksBuildPhase;
			buildActionMask = 2147483647;
			files = (
			);
			runOnlyForDeploymentPostprocessing = 0;
		};
/* End PBXFrameworksBuildPhase section */

/* Begin PBXGroup section */
		B61D70EF298F07DE00C0AD10 /* Views */ = {
			isa = PBXGroup;
			children = (
				B678F789298BE91300E1771C /* HomeViewController.swift */,
				B6191907298E68DC00BD6333 /* SearchViewController.swift */,
				B698097A2994470D002FCCCF /* LanguageButton.swift */,
				B698097E299470ED002FCCCF /* LangOptionButton.swift */,
				B619190B298E980F00BD6333 /* SearchViewController+TextFieldDelegate.swift */,
				B6191909298E95E700BD6333 /* SearchResultsTableViewManager.swift */,
			);
			path = Views;
			sourceTree = "<group>";
		};
		B678F779298BE91300E1771C = {
			isa = PBXGroup;
			children = (
				B60F4DE72996D8040038D934 /* README.md */,
				B678F784298BE91300E1771C /* Anagram Solver */,
				B678F783298BE91300E1771C /* Products */,
			);
			sourceTree = "<group>";
		};
		B678F783298BE91300E1771C /* Products */ = {
			isa = PBXGroup;
			children = (
				B678F782298BE91300E1771C /* Anagram Solver.app */,
			);
			name = Products;
			sourceTree = "<group>";
		};
		B678F784298BE91300E1771C /* Anagram Solver */ = {
			isa = PBXGroup;
			children = (
				B6FB24E1299060B50065CE6F /* App */,
				B61D70EF298F07DE00C0AD10 /* Views */,
				B698098C29955DD1002FCCCF /* Interactor */,
				B698098D29955DE5002FCCCF /* Presenters */,
				B698097929942C51002FCCCF /* Entities */,
				B698098E29955DFE002FCCCF /* Routers */,
				B6980976299429F2002FCCCF /* Extensions */,
				B678F79D298BEEB600E1771C /* NetworkServices */,
				B678F793298BE91500E1771C /* Info.plist */,
				B69CC4822996D13000A0547E /* AppData */,
			);
			path = "Anagram Solver";
			sourceTree = "<group>";
		};
		B678F79D298BEEB600E1771C /* NetworkServices */ = {
			isa = PBXGroup;
			children = (
				B678F799298BE9CF00E1771C /* NetworkServices.swift */,
				B678F79B298BEA2300E1771C /* EndPoints.swift */,
			);
			path = NetworkServices;
			sourceTree = "<group>";
		};
		B6980976299429F2002FCCCF /* Extensions */ = {
			isa = PBXGroup;
			children = (
				B6980974299429E6002FCCCF /* StringExtensions.swift */,
				B6980980299482E5002FCCCF /* ArrayExtensions.swift */,
				B698097C2994540C002FCCCF /* UIViewExtensions.swift */,
			);
			path = Extensions;
			sourceTree = "<group>";
		};
		B698097929942C51002FCCCF /* Entities */ = {
			isa = PBXGroup;
			children = (
				B61D70E9298EFC6300C0AD10 /* Entity.swift */,
				B69CC48029969D3700A0547E /* AppColors.swift */,
				B6980986299545E3002FCCCF /* LanguagesEnum.swift */,
				B698097729942C20002FCCCF /* AnagramSolverBrain.swift */,
			);
			path = Entities;
			sourceTree = "<group>";
		};
		B698098C29955DD1002FCCCF /* Interactor */ = {
			isa = PBXGroup;
			children = (
				B61D70EB298F06CD00C0AD10 /* AnagramSolverInteractor.swift */,
			);
			path = Interactor;
			sourceTree = "<group>";
		};
		B698098D29955DE5002FCCCF /* Presenters */ = {
			isa = PBXGroup;
			children = (
				B61D70F0298F07FE00C0AD10 /* AnagramSolverPresenter.swift */,
			);
			path = Presenters;
			sourceTree = "<group>";
		};
		B698098E29955DFE002FCCCF /* Routers */ = {
			isa = PBXGroup;
			children = (
				B61D70F2298F7BFC00C0AD10 /* AnagramSolverRouter.swift */,
			);
			path = Routers;
			sourceTree = "<group>";
		};
		B69CC4822996D13000A0547E /* AppData */ = {
			isa = PBXGroup;
			children = (
				B678F790298BE91500E1771C /* LaunchScreen.storyboard */,
				B678F78E298BE91500E1771C /* Assets.xcassets */,
				B698098229950E66002FCCCF /* myRussianJSONDict.json */,
				B698098429953208002FCCCF /* myGermanJSONDict.json */,
				B698098829954E47002FCCCF /* myFrenchJSONDict.json */,
				B698098A299556AE002FCCCF /* mySpanishJSONDict.json */,
			);
			path = AppData;
			sourceTree = "<group>";
		};
		B6FB24E1299060B50065CE6F /* App */ = {
			isa = PBXGroup;
			children = (
				B61D70ED298F06F600C0AD10 /* AnagramSolverAssembly.swift */,
				B678F785298BE91300E1771C /* AppDelegate.swift */,
				B678F787298BE91300E1771C /* SceneDelegate.swift */,
				B61D70F4298F891300C0AD10 /* AppInteractor.swift */,
				B61D70F6298F895700C0AD10 /* AppCordinator.swift */,
			);
			path = App;
			sourceTree = "<group>";
		};
/* End PBXGroup section */

/* Begin PBXNativeTarget section */
		B678F781298BE91300E1771C /* Anagram Solver */ = {
			isa = PBXNativeTarget;
			buildConfigurationList = B678F796298BE91500E1771C /* Build configuration list for PBXNativeTarget "Anagram Solver" */;
			buildPhases = (
				B678F77E298BE91300E1771C /* Sources */,
				B678F77F298BE91300E1771C /* Frameworks */,
				B678F780298BE91300E1771C /* Resources */,
			);
			buildRules = (
			);
			dependencies = (
			);
			name = "Anagram Solver";
			productName = "Anagram Solver";
			productReference = B678F782298BE91300E1771C /* Anagram Solver.app */;
			productType = "com.apple.product-type.application";
		};
/* End PBXNativeTarget section */

/* Begin PBXProject section */
		B678F77A298BE91300E1771C /* Project object */ = {
			isa = PBXProject;
			attributes = {
				BuildIndependentTargetsInParallel = 1;
				LastSwiftUpdateCheck = 1420;
				LastUpgradeCheck = 1420;
				TargetAttributes = {
					B678F781298BE91300E1771C = {
						CreatedOnToolsVersion = 14.2;
					};
				};
			};
			buildConfigurationList = B678F77D298BE91300E1771C /* Build configuration list for PBXProject "Anagram Solver" */;
			compatibilityVersion = "Xcode 14.0";
			developmentRegion = en;
			hasScannedForEncodings = 0;
			knownRegions = (
				en,
				Base,
			);
			mainGroup = B678F779298BE91300E1771C;
			productRefGroup = B678F783298BE91300E1771C /* Products */;
			projectDirPath = "";
			projectRoot = "";
			targets = (
				B678F781298BE91300E1771C /* Anagram Solver */,
			);
		};
/* End PBXProject section */

/* Begin PBXResourcesBuildPhase section */
		B678F780298BE91300E1771C /* Resources */ = {
			isa = PBXResourcesBuildPhase;
			buildActionMask = 2147483647;
			files = (
				B678F792298BE91500E1771C /* LaunchScreen.storyboard in Resources */,
				B678F78F298BE91500E1771C /* Assets.xcassets in Resources */,
				B698098329950E66002FCCCF /* myRussianJSONDict.json in Resources */,
				B60F4DE82996D8040038D934 /* README.md in Resources */,
				B698098929954E47002FCCCF /* myFrenchJSONDict.json in Resources */,
				B698098B299556AE002FCCCF /* mySpanishJSONDict.json in Resources */,
				B698098529953208002FCCCF /* myGermanJSONDict.json in Resources */,
			);
			runOnlyForDeploymentPostprocessing = 0;
		};
/* End PBXResourcesBuildPhase section */

/* Begin PBXSourcesBuildPhase section */
		B678F77E298BE91300E1771C /* Sources */ = {
			isa = PBXSourcesBuildPhase;
			buildActionMask = 2147483647;
			files = (
				B61D70F7298F895700C0AD10 /* AppCordinator.swift in Sources */,
				B6191908298E68DC00BD6333 /* SearchViewController.swift in Sources */,
				B698097829942C20002FCCCF /* AnagramSolverBrain.swift in Sources */,
				B678F78A298BE91300E1771C /* HomeViewController.swift in Sources */,
				B698097F299470ED002FCCCF /* LangOptionButton.swift in Sources */,
				B69CC48129969D3700A0547E /* AppColors.swift in Sources */,
				B619190A298E95E700BD6333 /* SearchResultsTableViewManager.swift in Sources */,
				B6980987299545E3002FCCCF /* LanguagesEnum.swift in Sources */,
				B61D70EE298F06F600C0AD10 /* AnagramSolverAssembly.swift in Sources */,
				B619190C298E980F00BD6333 /* SearchViewController+TextFieldDelegate.swift in Sources */,
				B678F79C298BEA2300E1771C /* EndPoints.swift in Sources */,
				B61D70F3298F7BFC00C0AD10 /* AnagramSolverRouter.swift in Sources */,
				B6980975299429E6002FCCCF /* StringExtensions.swift in Sources */,
				B698097D2994540C002FCCCF /* UIViewExtensions.swift in Sources */,
				B61D70F1298F07FE00C0AD10 /* AnagramSolverPresenter.swift in Sources */,
				B61D70EC298F06CD00C0AD10 /* AnagramSolverInteractor.swift in Sources */,
				B61D70EA298EFC6300C0AD10 /* Entity.swift in Sources */,
				B698097B2994470D002FCCCF /* LanguageButton.swift in Sources */,
				B6980981299482E5002FCCCF /* ArrayExtensions.swift in Sources */,
				B61D70F5298F891300C0AD10 /* AppInteractor.swift in Sources */,
				B678F786298BE91300E1771C /* AppDelegate.swift in Sources */,
				B678F79A298BE9CF00E1771C /* NetworkServices.swift in Sources */,
				B678F788298BE91300E1771C /* SceneDelegate.swift in Sources */,
			);
			runOnlyForDeploymentPostprocessing = 0;
		};
/* End PBXSourcesBuildPhase section */

/* Begin PBXVariantGroup section */
		B678F790298BE91500E1771C /* LaunchScreen.storyboard */ = {
			isa = PBXVariantGroup;
			children = (
				B678F791298BE91500E1771C /* Base */,
			);
			name = LaunchScreen.storyboard;
			sourceTree = "<group>";
		};
/* End PBXVariantGroup section */

/* Begin XCBuildConfiguration section */
		B678F794298BE91500E1771C /* Debug */ = {
			isa = XCBuildConfiguration;
			buildSettings = {
				ALWAYS_SEARCH_USER_PATHS = NO;
				CLANG_ANALYZER_NONNULL = YES;
				CLANG_ANALYZER_NUMBER_OBJECT_CONVERSION = YES_AGGRESSIVE;
				CLANG_CXX_LANGUAGE_STANDARD = "gnu++20";
				CLANG_ENABLE_MODULES = YES;
				CLANG_ENABLE_OBJC_ARC = YES;
				CLANG_ENABLE_OBJC_WEAK = YES;
				CLANG_WARN_BLOCK_CAPTURE_AUTORELEASING = YES;
				CLANG_WARN_BOOL_CONVERSION = YES;
				CLANG_WARN_COMMA = YES;
				CLANG_WARN_CONSTANT_CONVERSION = YES;
				CLANG_WARN_DEPRECATED_OBJC_IMPLEMENTATIONS = YES;
				CLANG_WARN_DIRECT_OBJC_ISA_USAGE = YES_ERROR;
				CLANG_WARN_DOCUMENTATION_COMMENTS = YES;
				CLANG_WARN_EMPTY_BODY = YES;
				CLANG_WARN_ENUM_CONVERSION = YES;
				CLANG_WARN_INFINITE_RECURSION = YES;
				CLANG_WARN_INT_CONVERSION = YES;
				CLANG_WARN_NON_LITERAL_NULL_CONVERSION = YES;
				CLANG_WARN_OBJC_IMPLICIT_RETAIN_SELF = YES;
				CLANG_WARN_OBJC_LITERAL_CONVERSION = YES;
				CLANG_WARN_OBJC_ROOT_CLASS = YES_ERROR;
				CLANG_WARN_QUOTED_INCLUDE_IN_FRAMEWORK_HEADER = YES;
				CLANG_WARN_RANGE_LOOP_ANALYSIS = YES;
				CLANG_WARN_STRICT_PROTOTYPES = YES;
				CLANG_WARN_SUSPICIOUS_MOVE = YES;
				CLANG_WARN_UNGUARDED_AVAILABILITY = YES_AGGRESSIVE;
				CLANG_WARN_UNREACHABLE_CODE = YES;
				CLANG_WARN__DUPLICATE_METHOD_MATCH = YES;
				COPY_PHASE_STRIP = NO;
				DEBUG_INFORMATION_FORMAT = dwarf;
				ENABLE_STRICT_OBJC_MSGSEND = YES;
				ENABLE_TESTABILITY = YES;
				GCC_C_LANGUAGE_STANDARD = gnu11;
				GCC_DYNAMIC_NO_PIC = NO;
				GCC_NO_COMMON_BLOCKS = YES;
				GCC_OPTIMIZATION_LEVEL = 0;
				GCC_PREPROCESSOR_DEFINITIONS = (
					"DEBUG=1",
					"$(inherited)",
				);
				GCC_WARN_64_TO_32_BIT_CONVERSION = YES;
				GCC_WARN_ABOUT_RETURN_TYPE = YES_ERROR;
				GCC_WARN_UNDECLARED_SELECTOR = YES;
				GCC_WARN_UNINITIALIZED_AUTOS = YES_AGGRESSIVE;
				GCC_WARN_UNUSED_FUNCTION = YES;
				GCC_WARN_UNUSED_VARIABLE = YES;
				IPHONEOS_DEPLOYMENT_TARGET = 16.2;
				MTL_ENABLE_DEBUG_INFO = INCLUDE_SOURCE;
				MTL_FAST_MATH = YES;
				ONLY_ACTIVE_ARCH = YES;
				SDKROOT = iphoneos;
				SWIFT_ACTIVE_COMPILATION_CONDITIONS = DEBUG;
				SWIFT_OPTIMIZATION_LEVEL = "-Onone";
			};
			name = Debug;
		};
		B678F795298BE91500E1771C /* Release */ = {
			isa = XCBuildConfiguration;
			buildSettings = {
				ALWAYS_SEARCH_USER_PATHS = NO;
				CLANG_ANALYZER_NONNULL = YES;
				CLANG_ANALYZER_NUMBER_OBJECT_CONVERSION = YES_AGGRESSIVE;
				CLANG_CXX_LANGUAGE_STANDARD = "gnu++20";
				CLANG_ENABLE_MODULES = YES;
				CLANG_ENABLE_OBJC_ARC = YES;
				CLANG_ENABLE_OBJC_WEAK = YES;
				CLANG_WARN_BLOCK_CAPTURE_AUTORELEASING = YES;
				CLANG_WARN_BOOL_CONVERSION = YES;
				CLANG_WARN_COMMA = YES;
				CLANG_WARN_CONSTANT_CONVERSION = YES;
				CLANG_WARN_DEPRECATED_OBJC_IMPLEMENTATIONS = YES;
				CLANG_WARN_DIRECT_OBJC_ISA_USAGE = YES_ERROR;
				CLANG_WARN_DOCUMENTATION_COMMENTS = YES;
				CLANG_WARN_EMPTY_BODY = YES;
				CLANG_WARN_ENUM_CONVERSION = YES;
				CLANG_WARN_INFINITE_RECURSION = YES;
				CLANG_WARN_INT_CONVERSION = YES;
				CLANG_WARN_NON_LITERAL_NULL_CONVERSION = YES;
				CLANG_WARN_OBJC_IMPLICIT_RETAIN_SELF = YES;
				CLANG_WARN_OBJC_LITERAL_CONVERSION = YES;
				CLANG_WARN_OBJC_ROOT_CLASS = YES_ERROR;
				CLANG_WARN_QUOTED_INCLUDE_IN_FRAMEWORK_HEADER = YES;
				CLANG_WARN_RANGE_LOOP_ANALYSIS = YES;
				CLANG_WARN_STRICT_PROTOTYPES = YES;
				CLANG_WARN_SUSPICIOUS_MOVE = YES;
				CLANG_WARN_UNGUARDED_AVAILABILITY = YES_AGGRESSIVE;
				CLANG_WARN_UNREACHABLE_CODE = YES;
				CLANG_WARN__DUPLICATE_METHOD_MATCH = YES;
				COPY_PHASE_STRIP = NO;
				DEBUG_INFORMATION_FORMAT = "dwarf-with-dsym";
				ENABLE_NS_ASSERTIONS = NO;
				ENABLE_STRICT_OBJC_MSGSEND = YES;
				GCC_C_LANGUAGE_STANDARD = gnu11;
				GCC_NO_COMMON_BLOCKS = YES;
				GCC_WARN_64_TO_32_BIT_CONVERSION = YES;
				GCC_WARN_ABOUT_RETURN_TYPE = YES_ERROR;
				GCC_WARN_UNDECLARED_SELECTOR = YES;
				GCC_WARN_UNINITIALIZED_AUTOS = YES_AGGRESSIVE;
				GCC_WARN_UNUSED_FUNCTION = YES;
				GCC_WARN_UNUSED_VARIABLE = YES;
				IPHONEOS_DEPLOYMENT_TARGET = 16.2;
				MTL_ENABLE_DEBUG_INFO = NO;
				MTL_FAST_MATH = YES;
				SDKROOT = iphoneos;
				SWIFT_COMPILATION_MODE = wholemodule;
				SWIFT_OPTIMIZATION_LEVEL = "-O";
				VALIDATE_PRODUCT = YES;
			};
			name = Release;
		};
		B678F797298BE91500E1771C /* Debug */ = {
			isa = XCBuildConfiguration;
			buildSettings = {
				ASSETCATALOG_COMPILER_APPICON_NAME = AppIcon;
				ASSETCATALOG_COMPILER_GLOBAL_ACCENT_COLOR_NAME = AccentColor;
				CODE_SIGN_STYLE = Automatic;
				CURRENT_PROJECT_VERSION = 1;
				DEVELOPMENT_TEAM = 66GQ3G43ZB;
				GENERATE_INFOPLIST_FILE = YES;
				INFOPLIST_FILE = "Anagram Solver/Info.plist";
				INFOPLIST_KEY_UIApplicationSupportsIndirectInputEvents = YES;
				INFOPLIST_KEY_UILaunchStoryboardName = LaunchScreen;
				INFOPLIST_KEY_UISupportedInterfaceOrientations_iPad = "UIInterfaceOrientationPortrait UIInterfaceOrientationPortraitUpsideDown UIInterfaceOrientationLandscapeLeft UIInterfaceOrientationLandscapeRight";
				INFOPLIST_KEY_UISupportedInterfaceOrientations_iPhone = "UIInterfaceOrientationPortrait UIInterfaceOrientationLandscapeLeft UIInterfaceOrientationLandscapeRight";
				LD_RUNPATH_SEARCH_PATHS = (
					"$(inherited)",
					"@executable_path/Frameworks",
				);
				MARKETING_VERSION = 1.0;
				PRODUCT_BUNDLE_IDENTIFIER = "com.dennis.Anagram-Solver";
				PRODUCT_NAME = "$(TARGET_NAME)";
				SWIFT_EMIT_LOC_STRINGS = YES;
				SWIFT_VERSION = 5.0;
				TARGETED_DEVICE_FAMILY = "1,2";
			};
			name = Debug;
		};
		B678F798298BE91500E1771C /* Release */ = {
			isa = XCBuildConfiguration;
			buildSettings = {
				ASSETCATALOG_COMPILER_APPICON_NAME = AppIcon;
				ASSETCATALOG_COMPILER_GLOBAL_ACCENT_COLOR_NAME = AccentColor;
				CODE_SIGN_STYLE = Automatic;
				CURRENT_PROJECT_VERSION = 1;
				DEVELOPMENT_TEAM = 66GQ3G43ZB;
				GENERATE_INFOPLIST_FILE = YES;
				INFOPLIST_FILE = "Anagram Solver/Info.plist";
				INFOPLIST_KEY_UIApplicationSupportsIndirectInputEvents = YES;
				INFOPLIST_KEY_UILaunchStoryboardName = LaunchScreen;
				INFOPLIST_KEY_UISupportedInterfaceOrientations_iPad = "UIInterfaceOrientationPortrait UIInterfaceOrientationPortraitUpsideDown UIInterfaceOrientationLandscapeLeft UIInterfaceOrientationLandscapeRight";
				INFOPLIST_KEY_UISupportedInterfaceOrientations_iPhone = "UIInterfaceOrientationPortrait UIInterfaceOrientationLandscapeLeft UIInterfaceOrientationLandscapeRight";
				LD_RUNPATH_SEARCH_PATHS = (
					"$(inherited)",
					"@executable_path/Frameworks",
				);
				MARKETING_VERSION = 1.0;
				PRODUCT_BUNDLE_IDENTIFIER = "com.dennis.Anagram-Solver";
				PRODUCT_NAME = "$(TARGET_NAME)";
				SWIFT_EMIT_LOC_STRINGS = YES;
				SWIFT_VERSION = 5.0;
				TARGETED_DEVICE_FAMILY = "1,2";
			};
			name = Release;
		};
/* End XCBuildConfiguration section */

/* Begin XCConfigurationList section */
		B678F77D298BE91300E1771C /* Build configuration list for PBXProject "Anagram Solver" */ = {
			isa = XCConfigurationList;
			buildConfigurations = (
				B678F794298BE91500E1771C /* Debug */,
				B678F795298BE91500E1771C /* Release */,
			);
			defaultConfigurationIsVisible = 0;
			defaultConfigurationName = Release;
		};
		B678F796298BE91500E1771C /* Build configuration list for PBXNativeTarget "Anagram Solver" */ = {
			isa = XCConfigurationList;
			buildConfigurations = (
				B678F797298BE91500E1771C /* Debug */,
				B678F798298BE91500E1771C /* Release */,
			);
			defaultConfigurationIsVisible = 0;
			defaultConfigurationName = Release;
		};
/* End XCConfigurationList section */
	};
	rootObject = B678F77A298BE91300E1771C /* Project object */;
}
